
Microsoft Visual Studio Solution File, Format Version 12.00
# Visual Studio Version 17
VisualStudioVersion = 17.14.37203.1 d17.14
MinimumVisualStudioVersion = 10.0.40219.1
Project("{FAE04EC0-301F-11D3-BF4B-00C04F79EFBC}") = "Ej2", "Ej2.csproj", "{8216E4AA-DFEB-4CE9-962E-C006734C2C11}"
EndProject
Global
	GlobalSection(SolutionConfigurationPlatforms) = preSolution
		Debug|Any CPU = Debug|Any CPU
		Release|Any CPU = Release|Any CPU
	EndGlobalSection
	GlobalSection(ProjectConfigurationPlatforms) = postSolution
		{8216E4AA-DFEB-4CE9-962E-C006734C2C11}.Debug|Any CPU.ActiveCfg = Debug|Any CPU
		{8216E4AA-DFEB-4CE9-962E-C006734C2C11}.Debug|Any CPU.Build.0 = Debug|Any CPU
		{8216E4AA-DFEB-4CE9-962E-C006734C2C11}.Release|Any CPU.ActiveCfg = Release|Any CPU
		{8216E4AA-DFEB-4CE9-962E-C006734C2C11}.Release|Any CPU.Build.0 = Release|Any CPU
	EndGlobalSection
	GlobalSection(SolutionProperties) = preSolution
		HideSolutionNode = FALSE
	EndGlobalSection
	GlobalSection(ExtensibilityGlobals) = postSolution
		SolutionGuid = {21AB10D7-6071-45CF-936F-F7A847E01E55}
	EndGlobalSection
EndGlobal
